
Microsoft Visual Studio Solution File, Format Version 12.00
# Visual Studio Version 16
VisualStudioVersion = 16.0.29424.173
MinimumVisualStudioVersion = 10.0.40219.1
Project("{FAE04EC0-301F-11D3-BF4B-00C04F79EFBC}") = "textChange", "textChange\textChange.csproj", "{BA614126-1DEC-46A6-BC82-8F6861F3BB83}"
EndProject
Global
	GlobalSection(SolutionConfigurationPlatforms) = preSolution
		Debug|Any CPU = Debug|Any CPU
		Release|Any CPU = Release|Any CPU
	EndGlobalSection
	GlobalSection(ProjectConfigurationPlatforms) = postSolution
		{BA614126-1DEC-46A6-BC82-8F6861F3BB83}.Debug|Any CPU.ActiveCfg = Debug|Any CPU
		{BA614126-1DEC-46A6-BC82-8F6861F3BB83}.Debug|Any CPU.Build.0 = Debug|Any CPU
		{BA614126-1DEC-46A6-BC82-8F6861F3BB83}.Release|Any CPU.ActiveCfg = Release|Any CPU
		{BA614126-1DEC-46A6-BC82-8F6861F3BB83}.Release|Any CPU.Build.0 = Release|Any CPU
	EndGlobalSection
	GlobalSection(SolutionProperties) = preSolution
		HideSolutionNode = FALSE
	EndGlobalSection
	GlobalSection(ExtensibilityGlobals) = postSolution
		SolutionGuid = {EB5B0AB5-7686-4988-8BEE-A939323E79F4}
	EndGlobalSection
EndGlobal
